
Microsoft Visual Studio Solution File, Format Version 12.00
# Visual Studio Version 16
VisualStudioVersion = 16.0.31702.278
MinimumVisualStudioVersion = 10.0.40219.1
Project("{FAE04EC0-301F-11D3-BF4B-00C04F79EFBC}") = "Iosib_Alexandra_Lab5", "Iosib_Alexandra_Lab5.csproj", "{4D1265F4-ADC7-434F-8163-87809151CEC9}"
EndProject
Project("{FAE04EC0-301F-11D3-BF4B-00C04F79EFBC}") = "AutoLotModel", "..\AutoLotModel\AutoLotModel.csproj", "{BFB020F6-51BD-4BE8-BE8E-71D222F4FD63}"
EndProject
Global
	GlobalSection(SolutionConfigurationPlatforms) = preSolution
		Debug|Any CPU = Debug|Any CPU
		Release|Any CPU = Release|Any CPU
	EndGlobalSection
	GlobalSection(ProjectConfigurationPlatforms) = postSolution
		{4D1265F4-ADC7-434F-8163-87809151CEC9}.Debug|Any CPU.ActiveCfg = Debug|Any CPU
		{4D1265F4-ADC7-434F-8163-87809151CEC9}.Debug|Any CPU.Build.0 = Debug|Any CPU
		{4D1265F4-ADC7-434F-8163-87809151CEC9}.Release|Any CPU.ActiveCfg = Release|Any CPU
		{4D1265F4-ADC7-434F-8163-87809151CEC9}.Release|Any CPU.Build.0 = Release|Any CPU
		{BFB020F6-51BD-4BE8-BE8E-71D222F4FD63}.Debug|Any CPU.ActiveCfg = Debug|Any CPU
		{BFB020F6-51BD-4BE8-BE8E-71D222F4FD63}.Debug|Any CPU.Build.0 = Debug|Any CPU
		{BFB020F6-51BD-4BE8-BE8E-71D222F4FD63}.Release|Any CPU.ActiveCfg = Release|Any CPU
		{BFB020F6-51BD-4BE8-BE8E-71D222F4FD63}.Release|Any CPU.Build.0 = Release|Any CPU
	EndGlobalSection
	GlobalSection(SolutionProperties) = preSolution
		HideSolutionNode = FALSE
	EndGlobalSection
	GlobalSection(ExtensibilityGlobals) = postSolution
		SolutionGuid = {38FC6A69-A7E0-4DBF-B01C-5F69535B5954}
	EndGlobalSection
EndGlobal
